// !$*UTF8*$!
{
	archiveVersion = 1;
	classes = {
	};
	objectVersion = 77;
	objects = {

/* Begin PBXBuildFile section */
		56E106232DC9370D00CDE389 /* FirebaseAuth in Frameworks */ = {isa = PBXBuildFile; productRef = 56E106222DC9370D00CDE389 /* FirebaseAuth */; };
		56E106252DC9370D00CDE389 /* FirebaseFirestore in Frameworks */ = {isa = PBXBuildFile; productRef = 56E106242DC9370D00CDE389 /* FirebaseFirestore */; };
		56E106272DC9370D00CDE389 /* FirebaseStorage in Frameworks */ = {isa = PBXBuildFile; productRef = 56E106262DC9370D00CDE389 /* FirebaseStorage */; };
/* End PBXBuildFile section */

/* Begin PBXContainerItemProxy section */
		56E105CA2DC9046700CDE389 /* PBXContainerItemProxy */ = {
			isa = PBXContainerItemProxy;
			containerPortal = 56E105B12DC9046500CDE389 /* Project object */;
			proxyType = 1;
			remoteGlobalIDString = 56E105B82DC9046500CDE389;
			remoteInfo = AppPokedexCards;
		};
		56E105D42DC9046700CDE389 /* PBXContainerItemProxy */ = {
			isa = PBXContainerItemProxy;
			containerPortal = 56E105B12DC9046500CDE389 /* Project object */;
			proxyType = 1;
			remoteGlobalIDString = 56E105B82DC9046500CDE389;
			remoteInfo = AppPokedexCards;
		};
/* End PBXContainerItemProxy section */

/* Begin PBXFileReference section */
		56E105B92DC9046500CDE389 /* AppPokedexCards.app */ = {isa = PBXFileReference; explicitFileType = wrapper.application; includeInIndex = 0; path = AppPokedexCards.app; sourceTree = BUILT_PRODUCTS_DIR; };
		56E105C92DC9046700CDE389 /* AppPokedexCardsTests.xctest */ = {isa = PBXFileReference; explicitFileType = wrapper.cfbundle; includeInIndex = 0; path = AppPokedexCardsTests.xctest; sourceTree = BUILT_PRODUCTS_DIR; };
		56E105D32DC9046700CDE389 /* AppPokedexCardsUITests.xctest */ = {isa = PBXFileReference; explicitFileType = wrapper.cfbundle; includeInIndex = 0; path = AppPokedexCardsUITests.xctest; sourceTree = BUILT_PRODUCTS_DIR; };
/* End PBXFileReference section */

/* Begin PBXFileSystemSynchronizedRootGroup section */
		56E105BB2DC9046500CDE389 /* AppPokedexCards */ = {
			isa = PBXFileSystemSynchronizedRootGroup;
			path = AppPokedexCards;
			sourceTree = "<group>";
		};
		56E105CC2DC9046700CDE389 /* AppPokedexCardsTests */ = {
			isa = PBXFileSystemSynchronizedRootGroup;
			path = AppPokedexCardsTests;
			sourceTree = "<group>";
		};
		56E105D62DC9046700CDE389 /* AppPokedexCardsUITests */ = {
			isa = PBXFileSystemSynchronizedRootGroup;
			path = AppPokedexCardsUITests;
			sourceTree = "<group>";
		};
/* End PBXFileSystemSynchronizedRootGroup section */

/* Begin PBXFrameworksBuildPhase section */
		56E105B62DC9046500CDE389 /* Frameworks */ = {
			isa = PBXFrameworksBuildPhase;
			buildActionMask = 2147483647;
			files = (
				56E106232DC9370D00CDE389 /* FirebaseAuth in Frameworks */,
				56E106252DC9370D00CDE389 /* FirebaseFirestore in Frameworks */,
				56E106272DC9370D00CDE389 /* FirebaseStorage in Frameworks */,
			);
			runOnlyForDeploymentPostprocessing = 0;
		};
		56E105C62DC9046700CDE389 /* Frameworks */ = {
			isa = PBXFrameworksBuildPhase;
			buildActionMask = 2147483647;
			files = (
			);
			runOnlyForDeploymentPostprocessing = 0;
		};
		56E105D02DC9046700CDE389 /* Frameworks */ = {
			isa = PBXFrameworksBuildPhase;
			buildActionMask = 2147483647;
			files = (
			);
			runOnlyForDeploymentPostprocessing = 0;
		};
/* End PBXFrameworksBuildPhase section */

/* Begin PBXGroup section */
		56E105B02DC9046500CDE389 = {
			isa = PBXGroup;
			children = (
				56E105BB2DC9046500CDE389 /* AppPokedexCards */,
				56E105CC2DC9046700CDE389 /* AppPokedexCardsTests */,
				56E105D62DC9046700CDE389 /* AppPokedexCardsUITests */,
				56E105BA2DC9046500CDE389 /* Products */,
			);
			sourceTree = "<group>";
		};
		56E105BA2DC9046500CDE389 /* Products */ = {
			isa = PBXGroup;
			children = (
				56E105B92DC9046500CDE389 /* AppPokedexCards.app */,
				56E105C92DC9046700CDE389 /* AppPokedexCardsTests.xctest */,
				56E105D32DC9046700CDE389 /* AppPokedexCardsUITests.xctest */,
			);
			name = Products;
			sourceTree = "<group>";
		};
/* End PBXGroup section */

/* Begin PBXNativeTarget section */
		56E105B82DC9046500CDE389 /* AppPokedexCards */ = {
			isa = PBXNativeTarget;
			buildConfigurationList = 56E105DD2DC9046700CDE389 /* Build configuration list for PBXNativeTarget "AppPokedexCards" */;
			buildPhases = (
				56E105B52DC9046500CDE389 /* Sources */,
				56E105B62DC9046500CDE389 /* Frameworks */,
				56E105B72DC9046500CDE389 /* Resources */,
			);
			buildRules = (
			);
			dependencies = (
			);
			fileSystemSynchronizedGroups = (
				56E105BB2DC9046500CDE389 /* AppPokedexCards */,
			);
			name = AppPokedexCards;
			packageProductDependencies = (
				56E106222DC9370D00CDE389 /* FirebaseAuth */,
				56E106242DC9370D00CDE389 /* FirebaseFirestore */,
				56E106262DC9370D00CDE389 /* FirebaseStorage */,
			);
			productName = AppPokedexCards;
			productReference = 56E105B92DC9046500CDE389 /* AppPokedexCards.app */;
			productType = "com.apple.product-type.application";
		};
		56E105C82DC9046700CDE389 /* AppPokedexCardsTests */ = {
			isa = PBXNativeTarget;
			buildConfigurationList = 56E105E02DC9046700CDE389 /* Build configuration list for PBXNativeTarget "AppPokedexCardsTests" */;
			buildPhases = (
				56E105C52DC9046700CDE389 /* Sources */,
				56E105C62DC9046700CDE389 /* Frameworks */,
				56E105C72DC9046700CDE389 /* Resources */,
			);
			buildRules = (
			);
			dependencies = (
				56E105CB2DC9046700CDE389 /* PBXTargetDependency */,
			);
			fileSystemSynchronizedGroups = (
				56E105CC2DC9046700CDE389 /* AppPokedexCardsTests */,
			);
			name = AppPokedexCardsTests;
			packageProductDependencies = (
			);
			productName = AppPokedexCardsTests;
			productReference = 56E105C92DC9046700CDE389 /* AppPokedexCardsTests.xctest */;
			productType = "com.apple.product-type.bundle.unit-test";
		};
		56E105D22DC9046700CDE389 /* AppPokedexCardsUITests */ = {
			isa = PBXNativeTarget;
			buildConfigurationList = 56E105E32DC9046700CDE389 /* Build configuration list for PBXNativeTarget "AppPokedexCardsUITests" */;
			buildPhases = (
				56E105CF2DC9046700CDE389 /* Sources */,
				56E105D02DC9046700CDE389 /* Frameworks */,
				56E105D12DC9046700CDE389 /* Resources */,
			);
			buildRules = (
			);
			dependencies = (
				56E105D52DC9046700CDE389 /* PBXTargetDependency */,
			);
			fileSystemSynchronizedGroups = (
				56E105D62DC9046700CDE389 /* AppPokedexCardsUITests */,
			);
			name = AppPokedexCardsUITests;
			packageProductDependencies = (
			);
			productName = AppPokedexCardsUITests;
			productReference = 56E105D32DC9046700CDE389 /* AppPokedexCardsUITests.xctest */;
			productType = "com.apple.product-type.bundle.ui-testing";
		};
/* End PBXNativeTarget section */

/* Begin PBXProject section */
		56E105B12DC9046500CDE389 /* Project object */ = {
			isa = PBXProject;
			attributes = {
				BuildIndependentTargetsInParallel = 1;
				LastSwiftUpdateCheck = 1620;
				LastUpgradeCheck = 1620;
				TargetAttributes = {
					56E105B82DC9046500CDE389 = {
						CreatedOnToolsVersion = 16.2;
					};
					56E105C82DC9046700CDE389 = {
						CreatedOnToolsVersion = 16.2;
						TestTargetID = 56E105B82DC9046500CDE389;
					};
					56E105D22DC9046700CDE389 = {
						CreatedOnToolsVersion = 16.2;
						TestTargetID = 56E105B82DC9046500CDE389;
					};
				};
			};
			buildConfigurationList = 56E105B42DC9046500CDE389 /* Build configuration list for PBXProject "AppPokedexCards" */;
			developmentRegion = en;
			hasScannedForEncodings = 0;
			knownRegions = (
				en,
				Base,
			);
			mainGroup = 56E105B02DC9046500CDE389;
			minimizedProjectReferenceProxies = 1;
			packageReferences = (
				56E106212DC9370D00CDE389 /* XCRemoteSwiftPackageReference "firebase-ios-sdk" */,
			);
			preferredProjectObjectVersion = 77;
			productRefGroup = 56E105BA2DC9046500CDE389 /* Products */;
			projectDirPath = "";
			projectRoot = "";
			targets = (
				56E105B82DC9046500CDE389 /* AppPokedexCards */,
				56E105C82DC9046700CDE389 /* AppPokedexCardsTests */,
				56E105D22DC9046700CDE389 /* AppPokedexCardsUITests */,
			);
		};
/* End PBXProject section */

/* Begin PBXResourcesBuildPhase section */
		56E105B72DC9046500CDE389 /* Resources */ = {
			isa = PBXResourcesBuildPhase;
			buildActionMask = 2147483647;
			files = (
			);
			runOnlyForDeploymentPostprocessing = 0;
		};
		56E105C72DC9046700CDE389 /* Resources */ = {
			isa = PBXResourcesBuildPhase;
			buildActionMask = 2147483647;
			files = (
			);
			runOnlyForDeploymentPostprocessing = 0;
		};
		56E105D12DC9046700CDE389 /* Resources */ = {
			isa = PBXResourcesBuildPhase;
			buildActionMask = 2147483647;
			files = (
			);
			runOnlyForDeploymentPostprocessing = 0;
		};
/* End PBXResourcesBuildPhase section */

/* Begin PBXSourcesBuildPhase section */
		56E105B52DC9046500CDE389 /* Sources */ = {
			isa = PBXSourcesBuildPhase;
			buildActionMask = 2147483647;
			files = (
			);
			runOnlyForDeploymentPostprocessing = 0;
		};
		56E105C52DC9046700CDE389 /* Sources */ = {
			isa = PBXSourcesBuildPhase;
			buildActionMask = 2147483647;
			files = (
			);
			runOnlyForDeploymentPostprocessing = 0;
		};
		56E105CF2DC9046700CDE389 /* Sources */ = {
			isa = PBXSourcesBuildPhase;
			buildActionMask = 2147483647;
			files = (
			);
			runOnlyForDeploymentPostprocessing = 0;
		};
/* End PBXSourcesBuildPhase section */

/* Begin PBXTargetDependency section */
		56E105CB2DC9046700CDE389 /* PBXTargetDependency */ = {
			isa = PBXTargetDependency;
			target = 56E105B82DC9046500CDE389 /* AppPokedexCards */;
			targetProxy = 56E105CA2DC9046700CDE389 /* PBXContainerItemProxy */;
		};
		56E105D52DC9046700CDE389 /* PBXTargetDependency */ = {
			isa = PBXTargetDependency;
			target = 56E105B82DC9046500CDE389 /* AppPokedexCards */;
			targetProxy = 56E105D42DC9046700CDE389 /* PBXContainerItemProxy */;
		};
/* End PBXTargetDependency section */

/* Begin XCBuildConfiguration section */
		56E105DB2DC9046700CDE389 /* Debug */ = {
			isa = XCBuildConfiguration;
			buildSettings = {
				ALWAYS_SEARCH_USER_PATHS = NO;
				ASSETCATALOG_COMPILER_GENERATE_SWIFT_ASSET_SYMBOL_EXTENSIONS = YES;
				CLANG_ANALYZER_NONNULL = YES;
				CLANG_ANALYZER_NUMBER_OBJECT_CONVERSION = YES_AGGRESSIVE;
				CLANG_CXX_LANGUAGE_STANDARD = "gnu++20";
				CLANG_ENABLE_MODULES = YES;
				CLANG_ENABLE_OBJC_ARC = YES;
				CLANG_ENABLE_OBJC_WEAK = YES;
				CLANG_WARN_BLOCK_CAPTURE_AUTORELEASING = YES;
				CLANG_WARN_BOOL_CONVERSION = YES;
				CLANG_WARN_COMMA = YES;
				CLANG_WARN_CONSTANT_CONVERSION = YES;
				CLANG_WARN_DEPRECATED_OBJC_IMPLEMENTATIONS = YES;
				CLANG_WARN_DIRECT_OBJC_ISA_USAGE = YES_ERROR;
				CLANG_WARN_DOCUMENTATION_COMMENTS = YES;
				CLANG_WARN_EMPTY_BODY = YES;
				CLANG_WARN_ENUM_CONVERSION = YES;
				CLANG_WARN_INFINITE_RECURSION = YES;
				CLANG_WARN_INT_CONVERSION = YES;
				CLANG_WARN_NON_LITERAL_NULL_CONVERSION = YES;
				CLANG_WARN_OBJC_IMPLICIT_RETAIN_SELF = YES;
				CLANG_WARN_OBJC_LITERAL_CONVERSION = YES;
				CLANG_WARN_OBJC_ROOT_CLASS = YES_ERROR;
				CLANG_WARN_QUOTED_INCLUDE_IN_FRAMEWORK_HEADER = YES;
				CLANG_WARN_RANGE_LOOP_ANALYSIS = YES;
				CLANG_WARN_STRICT_PROTOTYPES = YES;
				CLANG_WARN_SUSPICIOUS_MOVE = YES;
				CLANG_WARN_UNGUARDED_AVAILABILITY = YES_AGGRESSIVE;
				CLANG_WARN_UNREACHABLE_CODE = YES;
				CLANG_WARN__DUPLICATE_METHOD_MATCH = YES;
				COPY_PHASE_STRIP = NO;
				DEBUG_INFORMATION_FORMAT = dwarf;
				ENABLE_STRICT_OBJC_MSGSEND = YES;
				ENABLE_TESTABILITY = YES;
				ENABLE_USER_SCRIPT_SANDBOXING = YES;
				GCC_C_LANGUAGE_STANDARD = gnu17;
				GCC_DYNAMIC_NO_PIC = NO;
				GCC_NO_COMMON_BLOCKS = YES;
				GCC_OPTIMIZATION_LEVEL = 0;
				GCC_PREPROCESSOR_DEFINITIONS = (
					"DEBUG=1",
					"$(inherited)",
				);
				GCC_WARN_64_TO_32_BIT_CONVERSION = YES;
				GCC_WARN_ABOUT_RETURN_TYPE = YES_ERROR;
				GCC_WARN_UNDECLARED_SELECTOR = YES;
				GCC_WARN_UNINITIALIZED_AUTOS = YES_AGGRESSIVE;
				GCC_WARN_UNUSED_FUNCTION = YES;
				GCC_WARN_UNUSED_VARIABLE = YES;
				IPHONEOS_DEPLOYMENT_TARGET = 18.2;
				LOCALIZATION_PREFERS_STRING_CATALOGS = YES;
				MTL_ENABLE_DEBUG_INFO = INCLUDE_SOURCE;
				MTL_FAST_MATH = YES;
				ONLY_ACTIVE_ARCH = YES;
				SDKROOT = iphoneos;
				SWIFT_ACTIVE_COMPILATION_CONDITIONS = "DEBUG $(inherited)";
				SWIFT_OPTIMIZATION_LEVEL = "-Onone";
			};
			name = Debug;
		};
		56E105DC2DC9046700CDE389 /* Release */ = {
			isa = XCBuildConfiguration;
			buildSettings = {
				ALWAYS_SEARCH_USER_PATHS = NO;
				ASSETCATALOG_COMPILER_GENERATE_SWIFT_ASSET_SYMBOL_EXTENSIONS = YES;
				CLANG_ANALYZER_NONNULL = YES;
				CLANG_ANALYZER_NUMBER_OBJECT_CONVERSION = YES_AGGRESSIVE;
				CLANG_CXX_LANGUAGE_STANDARD = "gnu++20";
				CLANG_ENABLE_MODULES = YES;
				CLANG_ENABLE_OBJC_ARC = YES;
				CLANG_ENABLE_OBJC_WEAK = YES;
				CLANG_WARN_BLOCK_CAPTURE_AUTORELEASING = YES;
				CLANG_WARN_BOOL_CONVERSION = YES;
				CLANG_WARN_COMMA = YES;
				CLANG_WARN_CONSTANT_CONVERSION = YES;
				CLANG_WARN_DEPRECATED_OBJC_IMPLEMENTATIONS = YES;
				CLANG_WARN_DIRECT_OBJC_ISA_USAGE = YES_ERROR;
				CLANG_WARN_DOCUMENTATION_COMMENTS = YES;
				CLANG_WARN_EMPTY_BODY = YES;
				CLANG_WARN_ENUM_CONVERSION = YES;
				CLANG_WARN_INFINITE_RECURSION = YES;
				CLANG_WARN_INT_CONVERSION = YES;
				CLANG_WARN_NON_LITERAL_NULL_CONVERSION = YES;
				CLANG_WARN_OBJC_IMPLICIT_RETAIN_SELF = YES;
				CLANG_WARN_OBJC_LITERAL_CONVERSION = YES;
				CLANG_WARN_OBJC_ROOT_CLASS = YES_ERROR;
				CLANG_WARN_QUOTED_INCLUDE_IN_FRAMEWORK_HEADER = YES;
				CLANG_WARN_RANGE_LOOP_ANALYSIS = YES;
				CLANG_WARN_STRICT_PROTOTYPES = YES;
				CLANG_WARN_SUSPICIOUS_MOVE = YES;
				CLANG_WARN_UNGUARDED_AVAILABILITY = YES_AGGRESSIVE;
				CLANG_WARN_UNREACHABLE_CODE = YES;
				CLANG_WARN__DUPLICATE_METHOD_MATCH = YES;
				COPY_PHASE_STRIP = NO;
				DEBUG_INFORMATION_FORMAT = "dwarf-with-dsym";
				ENABLE_NS_ASSERTIONS = NO;
				ENABLE_STRICT_OBJC_MSGSEND = YES;
				ENABLE_USER_SCRIPT_SANDBOXING = YES;
				GCC_C_LANGUAGE_STANDARD = gnu17;
				GCC_NO_COMMON_BLOCKS = YES;
				GCC_WARN_64_TO_32_BIT_CONVERSION = YES;
				GCC_WARN_ABOUT_RETURN_TYPE = YES_ERROR;
				GCC_WARN_UNDECLARED_SELECTOR = YES;
				GCC_WARN_UNINITIALIZED_AUTOS = YES_AGGRESSIVE;
				GCC_WARN_UNUSED_FUNCTION = YES;
				GCC_WARN_UNUSED_VARIABLE = YES;
				IPHONEOS_DEPLOYMENT_TARGET = 18.2;
				LOCALIZATION_PREFERS_STRING_CATALOGS = YES;
				MTL_ENABLE_DEBUG_INFO = NO;
				MTL_FAST_MATH = YES;
				SDKROOT = iphoneos;
				SWIFT_COMPILATION_MODE = wholemodule;
				VALIDATE_PRODUCT = YES;
			};
			name = Release;
		};
		56E105DE2DC9046700CDE389 /* Debug */ = {
			isa = XCBuildConfiguration;
			buildSettings = {
				ASSETCATALOG_COMPILER_APPICON_NAME = AppIcon;
				ASSETCATALOG_COMPILER_GLOBAL_ACCENT_COLOR_NAME = AccentColor;
				CODE_SIGN_STYLE = Automatic;
				CURRENT_PROJECT_VERSION = 1;
				DEVELOPMENT_ASSET_PATHS = "\"AppPokedexCards/Preview Content\"";
				DEVELOPMENT_TEAM = GB2CY3HPJ4;
				ENABLE_PREVIEWS = YES;
				GENERATE_INFOPLIST_FILE = YES;
				INFOPLIST_KEY_UIApplicationSceneManifest_Generation = YES;
				INFOPLIST_KEY_UIApplicationSupportsIndirectInputEvents = YES;
				INFOPLIST_KEY_UILaunchScreen_Generation = YES;
				INFOPLIST_KEY_UISupportedInterfaceOrientations_iPad = "UIInterfaceOrientationPortrait UIInterfaceOrientationPortraitUpsideDown UIInterfaceOrientationLandscapeLeft UIInterfaceOrientationLandscapeRight";
				INFOPLIST_KEY_UISupportedInterfaceOrientations_iPhone = "UIInterfaceOrientationPortrait UIInterfaceOrientationLandscapeLeft UIInterfaceOrientationLandscapeRight";
				LD_RUNPATH_SEARCH_PATHS = (
					"$(inherited)",
					"@executable_path/Frameworks",
				);
				MARKETING_VERSION = 1.0;
				PRODUCT_BUNDLE_IDENTIFIER = RicardoMassaki.AppPokedexCards;
				PRODUCT_NAME = "$(TARGET_NAME)";
				SWIFT_EMIT_LOC_STRINGS = YES;
				SWIFT_VERSION = 5.0;
				TARGETED_DEVICE_FAMILY = "1,2";
			};
			name = Debug;
		};
		56E105DF2DC9046700CDE389 /* Release */ = {
			isa = XCBuildConfiguration;
			buildSettings = {
				ASSETCATALOG_COMPILER_APPICON_NAME = AppIcon;
				ASSETCATALOG_COMPILER_GLOBAL_ACCENT_COLOR_NAME = AccentColor;
				CODE_SIGN_STYLE = Automatic;
				CURRENT_PROJECT_VERSION = 1;
				DEVELOPMENT_ASSET_PATHS = "\"AppPokedexCards/Preview Content\"";
				DEVELOPMENT_TEAM = GB2CY3HPJ4;
				ENABLE_PREVIEWS = YES;
				GENERATE_INFOPLIST_FILE = YES;
				INFOPLIST_KEY_UIApplicationSceneManifest_Generation = YES;
				INFOPLIST_KEY_UIApplicationSupportsIndirectInputEvents = YES;
				INFOPLIST_KEY_UILaunchScreen_Generation = YES;
				INFOPLIST_KEY_UISupportedInterfaceOrientations_iPad = "UIInterfaceOrientationPortrait UIInterfaceOrientationPortraitUpsideDown UIInterfaceOrientationLandscapeLeft UIInterfaceOrientationLandscapeRight";
				INFOPLIST_KEY_UISupportedInterfaceOrientations_iPhone = "UIInterfaceOrientationPortrait UIInterfaceOrientationLandscapeLeft UIInterfaceOrientationLandscapeRight";
				LD_RUNPATH_SEARCH_PATHS = (
					"$(inherited)",
					"@executable_path/Frameworks",
				);
				MARKETING_VERSION = 1.0;
				PRODUCT_BUNDLE_IDENTIFIER = RicardoMassaki.AppPokedexCards;
				PRODUCT_NAME = "$(TARGET_NAME)";
				SWIFT_EMIT_LOC_STRINGS = YES;
				SWIFT_VERSION = 5.0;
				TARGETED_DEVICE_FAMILY = "1,2";
			};
			name = Release;
		};
		56E105E12DC9046700CDE389 /* Debug */ = {
			isa = XCBuildConfiguration;
			buildSettings = {
				BUNDLE_LOADER = "$(TEST_HOST)";
				CODE_SIGN_STYLE = Automatic;
				CURRENT_PROJECT_VERSION = 1;
				DEVELOPMENT_TEAM = GB2CY3HPJ4;
				GENERATE_INFOPLIST_FILE = YES;
				IPHONEOS_DEPLOYMENT_TARGET = 18.2;
				MARKETING_VERSION = 1.0;
				PRODUCT_BUNDLE_IDENTIFIER = RicardoMassaki.AppPokedexCardsTests;
				PRODUCT_NAME = "$(TARGET_NAME)";
				SWIFT_EMIT_LOC_STRINGS = NO;
				SWIFT_VERSION = 5.0;
				TARGETED_DEVICE_FAMILY = "1,2";
				TEST_HOST = "$(BUILT_PRODUCTS_DIR)/AppPokedexCards.app/$(BUNDLE_EXECUTABLE_FOLDER_PATH)/AppPokedexCards";
			};
			name = Debug;
		};
		56E105E22DC9046700CDE389 /* Release */ = {
			isa = XCBuildConfiguration;
			buildSettings = {
				BUNDLE_LOADER = "$(TEST_HOST)";
				CODE_SIGN_STYLE = Automatic;
				CURRENT_PROJECT_VERSION = 1;
				DEVELOPMENT_TEAM = GB2CY3HPJ4;
				GENERATE_INFOPLIST_FILE = YES;
				IPHONEOS_DEPLOYMENT_TARGET = 18.2;
				MARKETING_VERSION = 1.0;
				PRODUCT_BUNDLE_IDENTIFIER = RicardoMassaki.AppPokedexCardsTests;
				PRODUCT_NAME = "$(TARGET_NAME)";
				SWIFT_EMIT_LOC_STRINGS = NO;
				SWIFT_VERSION = 5.0;
				TARGETED_DEVICE_FAMILY = "1,2";
				TEST_HOST = "$(BUILT_PRODUCTS_DIR)/AppPokedexCards.app/$(BUNDLE_EXECUTABLE_FOLDER_PATH)/AppPokedexCards";
			};
			name = Release;
		};
		56E105E42DC9046700CDE389 /* Debug */ = {
			isa = XCBuildConfiguration;
			buildSettings = {
				CODE_SIGN_STYLE = Automatic;
				CURRENT_PROJECT_VERSION = 1;
				DEVELOPMENT_TEAM = GB2CY3HPJ4;
				GENERATE_INFOPLIST_FILE = YES;
				MARKETING_VERSION = 1.0;
				PRODUCT_BUNDLE_IDENTIFIER = RicardoMassaki.AppPokedexCardsUITests;
				PRODUCT_NAME = "$(TARGET_NAME)";
				SWIFT_EMIT_LOC_STRINGS = NO;
				SWIFT_VERSION = 5.0;
				TARGETED_DEVICE_FAMILY = "1,2";
				TEST_TARGET_NAME = AppPokedexCards;
			};
			name = Debug;
		};
		56E105E52DC9046700CDE389 /* Release */ = {
			isa = XCBuildConfiguration;
			buildSettings = {
				CODE_SIGN_STYLE = Automatic;
				CURRENT_PROJECT_VERSION = 1;
				DEVELOPMENT_TEAM = GB2CY3HPJ4;
				GENERATE_INFOPLIST_FILE = YES;
				MARKETING_VERSION = 1.0;
				PRODUCT_BUNDLE_IDENTIFIER = RicardoMassaki.AppPokedexCardsUITests;
				PRODUCT_NAME = "$(TARGET_NAME)";
				SWIFT_EMIT_LOC_STRINGS = NO;
				SWIFT_VERSION = 5.0;
				TARGETED_DEVICE_FAMILY = "1,2";
				TEST_TARGET_NAME = AppPokedexCards;
			};
			name = Release;
		};
/* End XCBuildConfiguration section */

/* Begin XCConfigurationList section */
		56E105B42DC9046500CDE389 /* Build configuration list for PBXProject "AppPokedexCards" */ = {
			isa = XCConfigurationList;
			buildConfigurations = (
				56E105DB2DC9046700CDE389 /* Debug */,
				56E105DC2DC9046700CDE389 /* Release */,
			);
			defaultConfigurationIsVisible = 0;
			defaultConfigurationName = Release;
		};
		56E105DD2DC9046700CDE389 /* Build configuration list for PBXNativeTarget "AppPokedexCards" */ = {
			isa = XCConfigurationList;
			buildConfigurations = (
				56E105DE2DC9046700CDE389 /* Debug */,
				56E105DF2DC9046700CDE389 /* Release */,
			);
			defaultConfigurationIsVisible = 0;
			defaultConfigurationName = Release;
		};
		56E105E02DC9046700CDE389 /* Build configuration list for PBXNativeTarget "AppPokedexCardsTests" */ = {
			isa = XCConfigurationList;
			buildConfigurations = (
				56E105E12DC9046700CDE389 /* Debug */,
				56E105E22DC9046700CDE389 /* Release */,
			);
			defaultConfigurationIsVisible = 0;
			defaultConfigurationName = Release;
		};
		56E105E32DC9046700CDE389 /* Build configuration list for PBXNativeTarget "AppPokedexCardsUITests" */ = {
			isa = XCConfigurationList;
			buildConfigurations = (
				56E105E42DC9046700CDE389 /* Debug */,
				56E105E52DC9046700CDE389 /* Release */,
			);
			defaultConfigurationIsVisible = 0;
			defaultConfigurationName = Release;
		};
/* End XCConfigurationList section */

/* Begin XCRemoteSwiftPackageReference section */
		56E106212DC9370D00CDE389 /* XCRemoteSwiftPackageReference "firebase-ios-sdk" */ = {
			isa = XCRemoteSwiftPackageReference;
			repositoryURL = "https://github.com/firebase/firebase-ios-sdk";
			requirement = {
				kind = upToNextMajorVersion;
				minimumVersion = 11.12.0;
			};
		};
/* End XCRemoteSwiftPackageReference section */

/* Begin XCSwiftPackageProductDependency section */
		56E106222DC9370D00CDE389 /* FirebaseAuth */ = {
			isa = XCSwiftPackageProductDependency;
			package = 56E106212DC9370D00CDE389 /* XCRemoteSwiftPackageReference "firebase-ios-sdk" */;
			productName = FirebaseAuth;
		};
		56E106242DC9370D00CDE389 /* FirebaseFirestore */ = {
			isa = XCSwiftPackageProductDependency;
			package = 56E106212DC9370D00CDE389 /* XCRemoteSwiftPackageReference "firebase-ios-sdk" */;
			productName = FirebaseFirestore;
		};
		56E106262DC9370D00CDE389 /* FirebaseStorage */ = {
			isa = XCSwiftPackageProductDependency;
			package = 56E106212DC9370D00CDE389 /* XCRemoteSwiftPackageReference "firebase-ios-sdk" */;
			productName = FirebaseStorage;
		};
/* End XCSwiftPackageProductDependency section */
	};
	rootObject = 56E105B12DC9046500CDE389 /* Project object */;
}
